
Microsoft Visual Studio Solution File, Format Version 12.00
# Visual Studio Version 16
VisualStudioVersion = 16.0.31702.278
MinimumVisualStudioVersion = 10.0.40219.1
Project("{FAE04EC0-301F-11D3-BF4B-00C04F79EFBC}") = "MLDoctor", "MLDoctor.csproj", "{CF31DCD2-2BD0-4EB4-9848-6F6CDBEA9062}"
EndProject
Project("{9A19103F-16F7-4668-BE54-9A1E7A4F7556}") = "MLDoctorML.Model", "..\MLDoctorML.Model\MLDoctorML.Model.csproj", "{450E85AB-1E97-4605-987D-E5F1B5FCEB38}"
EndProject
Project("{9A19103F-16F7-4668-BE54-9A1E7A4F7556}") = "MLDoctorML.ConsoleApp", "..\MLDoctorML.ConsoleApp\MLDoctorML.ConsoleApp.csproj", "{9DFF2863-353D-4542-921F-3ADE12470D89}"
EndProject
Global
	GlobalSection(SolutionConfigurationPlatforms) = preSolution
		Debug|Any CPU = Debug|Any CPU
		Release|Any CPU = Release|Any CPU
	EndGlobalSection
	GlobalSection(ProjectConfigurationPlatforms) = postSolution
		{CF31DCD2-2BD0-4EB4-9848-6F6CDBEA9062}.Debug|Any CPU.ActiveCfg = Debug|Any CPU
		{CF31DCD2-2BD0-4EB4-9848-6F6CDBEA9062}.Debug|Any CPU.Build.0 = Debug|Any CPU
		{CF31DCD2-2BD0-4EB4-9848-6F6CDBEA9062}.Release|Any CPU.ActiveCfg = Release|Any CPU
		{CF31DCD2-2BD0-4EB4-9848-6F6CDBEA9062}.Release|Any CPU.Build.0 = Release|Any CPU
		{450E85AB-1E97-4605-987D-E5F1B5FCEB38}.Debug|Any CPU.ActiveCfg = Debug|Any CPU
		{450E85AB-1E97-4605-987D-E5F1B5FCEB38}.Debug|Any CPU.Build.0 = Debug|Any CPU
		{450E85AB-1E97-4605-987D-E5F1B5FCEB38}.Release|Any CPU.ActiveCfg = Release|Any CPU
		{450E85AB-1E97-4605-987D-E5F1B5FCEB38}.Release|Any CPU.Build.0 = Release|Any CPU
		{9DFF2863-353D-4542-921F-3ADE12470D89}.Debug|Any CPU.ActiveCfg = Debug|Any CPU
		{9DFF2863-353D-4542-921F-3ADE12470D89}.Debug|Any CPU.Build.0 = Debug|Any CPU
		{9DFF2863-353D-4542-921F-3ADE12470D89}.Release|Any CPU.ActiveCfg = Release|Any CPU
		{9DFF2863-353D-4542-921F-3ADE12470D89}.Release|Any CPU.Build.0 = Release|Any CPU
	EndGlobalSection
	GlobalSection(SolutionProperties) = preSolution
		HideSolutionNode = FALSE
	EndGlobalSection
	GlobalSection(ExtensibilityGlobals) = postSolution
		SolutionGuid = {25EFAA91-B2EB-44D8-B6AA-C96DFC36EDD9}
	EndGlobalSection
EndGlobal
